
Microsoft Visual Studio Solution File, Format Version 12.00
# Visual Studio Version 16
VisualStudioVersion = 16.0.29201.188
MinimumVisualStudioVersion = 10.0.40219.1
Project("{FAE04EC0-301F-11D3-BF4B-00C04F79EFBC}") = "Karben", "Karben\Karben.csproj", "{74AF6EDB-D1ED-4680-B49D-135A94C32561}"
EndProject
Global
	GlobalSection(SolutionConfigurationPlatforms) = preSolution
		Debug|Any CPU = Debug|Any CPU
		Release|Any CPU = Release|Any CPU
	EndGlobalSection
	GlobalSection(ProjectConfigurationPlatforms) = postSolution
		{74AF6EDB-D1ED-4680-B49D-135A94C32561}.Debug|Any CPU.ActiveCfg = Debug|Any CPU
		{74AF6EDB-D1ED-4680-B49D-135A94C32561}.Debug|Any CPU.Build.0 = Debug|Any CPU
		{74AF6EDB-D1ED-4680-B49D-135A94C32561}.Release|Any CPU.ActiveCfg = Release|Any CPU
		{74AF6EDB-D1ED-4680-B49D-135A94C32561}.Release|Any CPU.Build.0 = Release|Any CPU
	EndGlobalSection
	GlobalSection(SolutionProperties) = preSolution
		HideSolutionNode = FALSE
	EndGlobalSection
	GlobalSection(ExtensibilityGlobals) = postSolution
		SolutionGuid = {99700AEB-F1DB-4FA3-B6CA-050DFF9CAF18}
	EndGlobalSection
EndGlobal
